// !$*UTF8*$!
{
	archiveVersion = 1;
	classes = {
	};
	objectVersion = 50;
	objects = {

/* Begin PBXBuildFile section */
		D09CEE0721046204005C9672 /* AppDelegate.swift in Sources */ = {isa = PBXBuildFile; fileRef = D09CEE0621046204005C9672 /* AppDelegate.swift */; };
		D09CEE0921046204005C9672 /* ViewController.swift in Sources */ = {isa = PBXBuildFile; fileRef = D09CEE0821046204005C9672 /* ViewController.swift */; };
		D09CEE0C21046204005C9672 /* Main.storyboard in Resources */ = {isa = PBXBuildFile; fileRef = D09CEE0A21046204005C9672 /* Main.storyboard */; };
		D09CEE0E21046207005C9672 /* Assets.xcassets in Resources */ = {isa = PBXBuildFile; fileRef = D09CEE0D21046207005C9672 /* Assets.xcassets */; };
		D09CEE1121046207005C9672 /* LaunchScreen.storyboard in Resources */ = {isa = PBXBuildFile; fileRef = D09CEE0F21046207005C9672 /* LaunchScreen.storyboard */; };
		D09CEE1C21046208005C9672 /* ARDemoTests.swift in Sources */ = {isa = PBXBuildFile; fileRef = D09CEE1B21046208005C9672 /* ARDemoTests.swift */; };
		D09CEE2721046208005C9672 /* ARDemoUITests.swift in Sources */ = {isa = PBXBuildFile; fileRef = D09CEE2621046208005C9672 /* ARDemoUITests.swift */; };
/* End PBXBuildFile section */

/* Begin PBXContainerItemProxy section */
		D09CEE1821046208005C9672 /* PBXContainerItemProxy */ = {
			isa = PBXContainerItemProxy;
			containerPortal = D09CEDFB21046204005C9672 /* Project object */;
			proxyType = 1;
			remoteGlobalIDString = D09CEE0221046204005C9672;
			remoteInfo = ARDemo;
		};
		D09CEE2321046208005C9672 /* PBXContainerItemProxy */ = {
			isa = PBXContainerItemProxy;
			containerPortal = D09CEDFB21046204005C9672 /* Project object */;
			proxyType = 1;
			remoteGlobalIDString = D09CEE0221046204005C9672;
			remoteInfo = ARDemo;
		};
/* End PBXContainerItemProxy section */

/* Begin PBXFileReference section */
		D09CEE0321046204005C9672 /* ARDemo.app */ = {isa = PBXFileReference; explicitFileType = wrapper.application; includeInIndex = 0; path = ARDemo.app; sourceTree = BUILT_PRODUCTS_DIR; };
		D09CEE0621046204005C9672 /* AppDelegate.swift */ = {isa = PBXFileReference; lastKnownFileType = sourcecode.swift; path = AppDelegate.swift; sourceTree = "<group>"; };
		D09CEE0821046204005C9672 /* ViewController.swift */ = {isa = PBXFileReference; lastKnownFileType = sourcecode.swift; path = ViewController.swift; sourceTree = "<group>"; };
		D09CEE0B21046204005C9672 /* Base */ = {isa = PBXFileReference; lastKnownFileType = file.storyboard; name = Base; path = Base.lproj/Main.storyboard; sourceTree = "<group>"; };
		D09CEE0D21046207005C9672 /* Assets.xcassets */ = {isa = PBXFileReference; lastKnownFileType = folder.assetcatalog; path = Assets.xcassets; sourceTree = "<group>"; };
		D09CEE1021046207005C9672 /* Base */ = {isa = PBXFileReference; lastKnownFileType = file.storyboard; name = Base; path = Base.lproj/LaunchScreen.storyboard; sourceTree = "<group>"; };
		D09CEE1221046207005C9672 /* Info.plist */ = {isa = PBXFileReference; lastKnownFileType = text.plist.xml; path = Info.plist; sourceTree = "<group>"; };
		D09CEE1721046208005C9672 /* ARDemoTests.xctest */ = {isa = PBXFileReference; explicitFileType = wrapper.cfbundle; includeInIndex = 0; path = ARDemoTests.xctest; sourceTree = BUILT_PRODUCTS_DIR; };
		D09CEE1B21046208005C9672 /* ARDemoTests.swift */ = {isa = PBXFileReference; lastKnownFileType = sourcecode.swift; path = ARDemoTests.swift; sourceTree = "<group>"; };
		D09CEE1D21046208005C9672 /* Info.plist */ = {isa = PBXFileReference; lastKnownFileType = text.plist.xml; path = Info.plist; sourceTree = "<group>"; };
		D09CEE2221046208005C9672 /* ARDemoUITests.xctest */ = {isa = PBXFileReference; explicitFileType = wrapper.cfbundle; includeInIndex = 0; path = ARDemoUITests.xctest; sourceTree = BUILT_PRODUCTS_DIR; };
		D09CEE2621046208005C9672 /* ARDemoUITests.swift */ = {isa = PBXFileReference; lastKnownFileType = sourcecode.swift; path = ARDemoUITests.swift; sourceTree = "<group>"; };
		D09CEE2821046208005C9672 /* Info.plist */ = {isa = PBXFileReference; lastKnownFileType = text.plist.xml; path = Info.plist; sourceTree = "<group>"; };
/* End PBXFileReference section */

/* Begin PBXFrameworksBuildPhase section */
		D09CEE0021046204005C9672 /* Frameworks */ = {
			isa = PBXFrameworksBuildPhase;
			buildActionMask = 2147483647;
			files = (
			);
			runOnlyForDeploymentPostprocessing = 0;
		};
		D09CEE1421046208005C9672 /* Frameworks */ = {
			isa = PBXFrameworksBuildPhase;
			buildActionMask = 2147483647;
			files = (
			);
			runOnlyForDeploymentPostprocessing = 0;
		};
		D09CEE1F21046208005C9672 /* Frameworks */ = {
			isa = PBXFrameworksBuildPhase;
			buildActionMask = 2147483647;
			files = (
			);
			runOnlyForDeploymentPostprocessing = 0;
		};
/* End PBXFrameworksBuildPhase section */

/* Begin PBXGroup section */
		D09CEDFA21046204005C9672 = {
			isa = PBXGroup;
			children = (
				D09CEE0521046204005C9672 /* ARDemo */,
				D09CEE1A21046208005C9672 /* ARDemoTests */,
				D09CEE2521046208005C9672 /* ARDemoUITests */,
				D09CEE0421046204005C9672 /* Products */,
			);
			sourceTree = "<group>";
		};
		D09CEE0421046204005C9672 /* Products */ = {
			isa = PBXGroup;
			children = (
				D09CEE0321046204005C9672 /* ARDemo.app */,
				D09CEE1721046208005C9672 /* ARDemoTests.xctest */,
				D09CEE2221046208005C9672 /* ARDemoUITests.xctest */,
			);
			name = Products;
			sourceTree = "<group>";
		};
		D09CEE0521046204005C9672 /* ARDemo */ = {
			isa = PBXGroup;
			children = (
				D09CEE0621046204005C9672 /* AppDelegate.swift */,
				D09CEE0821046204005C9672 /* ViewController.swift */,
				D09CEE0A21046204005C9672 /* Main.storyboard */,
				D09CEE0D21046207005C9672 /* Assets.xcassets */,
				D09CEE0F21046207005C9672 /* LaunchScreen.storyboard */,
				D09CEE1221046207005C9672 /* Info.plist */,
			);
			path = ARDemo;
			sourceTree = "<group>";
		};
		D09CEE1A21046208005C9672 /* ARDemoTests */ = {
			isa = PBXGroup;
			children = (
				D09CEE1B21046208005C9672 /* ARDemoTests.swift */,
				D09CEE1D21046208005C9672 /* Info.plist */,
			);
			path = ARDemoTests;
			sourceTree = "<group>";
		};
		D09CEE2521046208005C9672 /* ARDemoUITests */ = {
			isa = PBXGroup;
			children = (
				D09CEE2621046208005C9672 /* ARDemoUITests.swift */,
				D09CEE2821046208005C9672 /* Info.plist */,
			);
			path = ARDemoUITests;
			sourceTree = "<group>";
		};
/* End PBXGroup section */

/* Begin PBXNativeTarget section */
		D09CEE0221046204005C9672 /* ARDemo */ = {
			isa = PBXNativeTarget;
			buildConfigurationList = D09CEE2B21046208005C9672 /* Build configuration list for PBXNativeTarget "ARDemo" */;
			buildPhases = (
				D09CEDFF21046204005C9672 /* Sources */,
				D09CEE0021046204005C9672 /* Frameworks */,
				D09CEE0121046204005C9672 /* Resources */,
			);
			buildRules = (
			);
			dependencies = (
			);
			name = ARDemo;
			productName = ARDemo;
			productReference = D09CEE0321046204005C9672 /* ARDemo.app */;
			productType = "com.apple.product-type.application";
		};
		D09CEE1621046208005C9672 /* ARDemoTests */ = {
			isa = PBXNativeTarget;
			buildConfigurationList = D09CEE2E21046208005C9672 /* Build configuration list for PBXNativeTarget "ARDemoTests" */;
			buildPhases = (
				D09CEE1321046208005C9672 /* Sources */,
				D09CEE1421046208005C9672 /* Frameworks */,
				D09CEE1521046208005C9672 /* Resources */,
			);
			buildRules = (
			);
			dependencies = (
				D09CEE1921046208005C9672 /* PBXTargetDependency */,
			);
			name = ARDemoTests;
			productName = ARDemoTests;
			productReference = D09CEE1721046208005C9672 /* ARDemoTests.xctest */;
			productType = "com.apple.product-type.bundle.unit-test";
		};
		D09CEE2121046208005C9672 /* ARDemoUITests */ = {
			isa = PBXNativeTarget;
			buildConfigurationList = D09CEE3121046208005C9672 /* Build configuration list for PBXNativeTarget "ARDemoUITests" */;
			buildPhases = (
				D09CEE1E21046208005C9672 /* Sources */,
				D09CEE1F21046208005C9672 /* Frameworks */,
				D09CEE2021046208005C9672 /* Resources */,
			);
			buildRules = (
			);
			dependencies = (
				D09CEE2421046208005C9672 /* PBXTargetDependency */,
			);
			name = ARDemoUITests;
			productName = ARDemoUITests;
			productReference = D09CEE2221046208005C9672 /* ARDemoUITests.xctest */;
			productType = "com.apple.product-type.bundle.ui-testing";
		};
/* End PBXNativeTarget section */

/* Begin PBXProject section */
		D09CEDFB21046204005C9672 /* Project object */ = {
			isa = PBXProject;
			attributes = {
				LastSwiftUpdateCheck = 0940;
				LastUpgradeCheck = 0940;
				ORGANIZATIONNAME = DinDin;
				TargetAttributes = {
					D09CEE0221046204005C9672 = {
						CreatedOnToolsVersion = 9.4.1;
					};
					D09CEE1621046208005C9672 = {
						CreatedOnToolsVersion = 9.4.1;
						TestTargetID = D09CEE0221046204005C9672;
					};
					D09CEE2121046208005C9672 = {
						CreatedOnToolsVersion = 9.4.1;
						TestTargetID = D09CEE0221046204005C9672;
					};
				};
			};
			buildConfigurationList = D09CEDFE21046204005C9672 /* Build configuration list for PBXProject "ARDemo" */;
			compatibilityVersion = "Xcode 9.3";
			developmentRegion = en;
			hasScannedForEncodings = 0;
			knownRegions = (
				en,
				Base,
			);
			mainGroup = D09CEDFA21046204005C9672;
			productRefGroup = D09CEE0421046204005C9672 /* Products */;
			projectDirPath = "";
			projectRoot = "";
			targets = (
				D09CEE0221046204005C9672 /* ARDemo */,
				D09CEE1621046208005C9672 /* ARDemoTests */,
				D09CEE2121046208005C9672 /* ARDemoUITests */,
			);
		};
/* End PBXProject section */

/* Begin PBXResourcesBuildPhase section */
		D09CEE0121046204005C9672 /* Resources */ = {
			isa = PBXResourcesBuildPhase;
			buildActionMask = 2147483647;
			files = (
				D09CEE1121046207005C9672 /* LaunchScreen.storyboard in Resources */,
				D09CEE0E21046207005C9672 /* Assets.xcassets in Resources */,
				D09CEE0C21046204005C9672 /* Main.storyboard in Resources */,
			);
			runOnlyForDeploymentPostprocessing = 0;
		};
		D09CEE1521046208005C9672 /* Resources */ = {
			isa = PBXResourcesBuildPhase;
			buildActionMask = 2147483647;
			files = (
			);
			runOnlyForDeploymentPostprocessing = 0;
		};
		D09CEE2021046208005C9672 /* Resources */ = {
			isa = PBXResourcesBuildPhase;
			buildActionMask = 2147483647;
			files = (
			);
			runOnlyForDeploymentPostprocessing = 0;
		};
/* End PBXResourcesBuildPhase section */

/* Begin PBXSourcesBuildPhase section */
		D09CEDFF21046204005C9672 /* Sources */ = {
			isa = PBXSourcesBuildPhase;
			buildActionMask = 2147483647;
			files = (
				D09CEE0921046204005C9672 /* ViewController.swift in Sources */,
				D09CEE0721046204005C9672 /* AppDelegate.swift in Sources */,
			);
			runOnlyForDeploymentPostprocessing = 0;
		};
		D09CEE1321046208005C9672 /* Sources */ = {
			isa = PBXSourcesBuildPhase;
			buildActionMask = 2147483647;
			files = (
				D09CEE1C21046208005C9672 /* ARDemoTests.swift in Sources */,
			);
			runOnlyForDeploymentPostprocessing = 0;
		};
		D09CEE1E21046208005C9672 /* Sources */ = {
			isa = PBXSourcesBuildPhase;
			buildActionMask = 2147483647;
			files = (
				D09CEE2721046208005C9672 /* ARDemoUITests.swift in Sources */,
			);
			runOnlyForDeploymentPostprocessing = 0;
		};
/* End PBXSourcesBuildPhase section */

/* Begin PBXTargetDependency section */
		D09CEE1921046208005C9672 /* PBXTargetDependency */ = {
			isa = PBXTargetDependency;
			target = D09CEE0221046204005C9672 /* ARDemo */;
			targetProxy = D09CEE1821046208005C9672 /* PBXContainerItemProxy */;
		};
		D09CEE2421046208005C9672 /* PBXTargetDependency */ = {
			isa = PBXTargetDependency;
			target = D09CEE0221046204005C9672 /* ARDemo */;
			targetProxy = D09CEE2321046208005C9672 /* PBXContainerItemProxy */;
		};
/* End PBXTargetDependency section */

/* Begin PBXVariantGroup section */
		D09CEE0A21046204005C9672 /* Main.storyboard */ = {
			isa = PBXVariantGroup;
			children = (
				D09CEE0B21046204005C9672 /* Base */,
			);
			name = Main.storyboard;
			sourceTree = "<group>";
		};
		D09CEE0F21046207005C9672 /* LaunchScreen.storyboard */ = {
			isa = PBXVariantGroup;
			children = (
				D09CEE1021046207005C9672 /* Base */,
			);
			name = LaunchScreen.storyboard;
			sourceTree = "<group>";
		};
/* End PBXVariantGroup section */

/* Begin XCBuildConfiguration section */
		D09CEE2921046208005C9672 /* Debug */ = {
			isa = XCBuildConfiguration;
			buildSettings = {
				ALWAYS_SEARCH_USER_PATHS = NO;
				CLANG_ANALYZER_NONNULL = YES;
				CLANG_ANALYZER_NUMBER_OBJECT_CONVERSION = YES_AGGRESSIVE;
				CLANG_CXX_LANGUAGE_STANDARD = "gnu++14";
				CLANG_CXX_LIBRARY = "libc++";
				CLANG_ENABLE_MODULES = YES;
				CLANG_ENABLE_OBJC_ARC = YES;
				CLANG_ENABLE_OBJC_WEAK = YES;
				CLANG_WARN_BLOCK_CAPTURE_AUTORELEASING = YES;
				CLANG_WARN_BOOL_CONVERSION = YES;
				CLANG_WARN_COMMA = YES;
				CLANG_WARN_CONSTANT_CONVERSION = YES;
				CLANG_WARN_DEPRECATED_OBJC_IMPLEMENTATIONS = YES;
				CLANG_WARN_DIRECT_OBJC_ISA_USAGE = YES_ERROR;
				CLANG_WARN_DOCUMENTATION_COMMENTS = YES;
				CLANG_WARN_EMPTY_BODY = YES;
				CLANG_WARN_ENUM_CONVERSION = YES;
				CLANG_WARN_INFINITE_RECURSION = YES;
				CLANG_WARN_INT_CONVERSION = YES;
				CLANG_WARN_NON_LITERAL_NULL_CONVERSION = YES;
				CLANG_WARN_OBJC_IMPLICIT_RETAIN_SELF = YES;
				CLANG_WARN_OBJC_LITERAL_CONVERSION = YES;
				CLANG_WARN_OBJC_ROOT_CLASS = YES_ERROR;
				CLANG_WARN_RANGE_LOOP_ANALYSIS = YES;
				CLANG_WARN_STRICT_PROTOTYPES = YES;
				CLANG_WARN_SUSPICIOUS_MOVE = YES;
				CLANG_WARN_UNGUARDED_AVAILABILITY = YES_AGGRESSIVE;
				CLANG_WARN_UNREACHABLE_CODE = YES;
				CLANG_WARN__DUPLICATE_METHOD_MATCH = YES;
				CODE_SIGN_IDENTITY = "iPhone Developer";
				COPY_PHASE_STRIP = NO;
				DEBUG_INFORMATION_FORMAT = dwarf;
				ENABLE_STRICT_OBJC_MSGSEND = YES;
				ENABLE_TESTABILITY = YES;
				GCC_C_LANGUAGE_STANDARD = gnu11;
				GCC_DYNAMIC_NO_PIC = NO;
				GCC_NO_COMMON_BLOCKS = YES;
				GCC_OPTIMIZATION_LEVEL = 0;
				GCC_PREPROCESSOR_DEFINITIONS = (
					"DEBUG=1",
					"$(inherited)",
				);
				GCC_WARN_64_TO_32_BIT_CONVERSION = YES;
				GCC_WARN_ABOUT_RETURN_TYPE = YES_ERROR;
				GCC_WARN_UNDECLARED_SELECTOR = YES;
				GCC_WARN_UNINITIALIZED_AUTOS = YES_AGGRESSIVE;
				GCC_WARN_UNUSED_FUNCTION = YES;
				GCC_WARN_UNUSED_VARIABLE = YES;
				IPHONEOS_DEPLOYMENT_TARGET = 11.4;
				MTL_ENABLE_DEBUG_INFO = YES;
				ONLY_ACTIVE_ARCH = YES;
				SDKROOT = iphoneos;
				SWIFT_ACTIVE_COMPILATION_CONDITIONS = DEBUG;
				SWIFT_OPTIMIZATION_LEVEL = "-Onone";
			};
			name = Debug;
		};
		D09CEE2A21046208005C9672 /* Release */ = {
			isa = XCBuildConfiguration;
			buildSettings = {
				ALWAYS_SEARCH_USER_PATHS = NO;
				CLANG_ANALYZER_NONNULL = YES;
				CLANG_ANALYZER_NUMBER_OBJECT_CONVERSION = YES_AGGRESSIVE;
				CLANG_CXX_LANGUAGE_STANDARD = "gnu++14";
				CLANG_CXX_LIBRARY = "libc++";
				CLANG_ENABLE_MODULES = YES;
				CLANG_ENABLE_OBJC_ARC = YES;
				CLANG_ENABLE_OBJC_WEAK = YES;
				CLANG_WARN_BLOCK_CAPTURE_AUTORELEASING = YES;
				CLANG_WARN_BOOL_CONVERSION = YES;
				CLANG_WARN_COMMA = YES;
				CLANG_WARN_CONSTANT_CONVERSION = YES;
				CLANG_WARN_DEPRECATED_OBJC_IMPLEMENTATIONS = YES;
				CLANG_WARN_DIRECT_OBJC_ISA_USAGE = YES_ERROR;
				CLANG_WARN_DOCUMENTATION_COMMENTS = YES;
				CLANG_WARN_EMPTY_BODY = YES;
				CLANG_WARN_ENUM_CONVERSION = YES;
				CLANG_WARN_INFINITE_RECURSION = YES;
				CLANG_WARN_INT_CONVERSION = YES;
				CLANG_WARN_NON_LITERAL_NULL_CONVERSION = YES;
				CLANG_WARN_OBJC_IMPLICIT_RETAIN_SELF = YES;
				CLANG_WARN_OBJC_LITERAL_CONVERSION = YES;
				CLANG_WARN_OBJC_ROOT_CLASS = YES_ERROR;
				CLANG_WARN_RANGE_LOOP_ANALYSIS = YES;
				CLANG_WARN_STRICT_PROTOTYPES = YES;
				CLANG_WARN_SUSPICIOUS_MOVE = YES;
				CLANG_WARN_UNGUARDED_AVAILABILITY = YES_AGGRESSIVE;
				CLANG_WARN_UNREACHABLE_CODE = YES;
				CLANG_WARN__DUPLICATE_METHOD_MATCH = YES;
				CODE_SIGN_IDENTITY = "iPhone Developer";
				COPY_PHASE_STRIP = NO;
				DEBUG_INFORMATION_FORMAT = "dwarf-with-dsym";
				ENABLE_NS_ASSERTIONS = NO;
				ENABLE_STRICT_OBJC_MSGSEND = YES;
				GCC_C_LANGUAGE_STANDARD = gnu11;
				GCC_NO_COMMON_BLOCKS = YES;
				GCC_WARN_64_TO_32_BIT_CONVERSION = YES;
				GCC_WARN_ABOUT_RETURN_TYPE = YES_ERROR;
				GCC_WARN_UNDECLARED_SELECTOR = YES;
				GCC_WARN_UNINITIALIZED_AUTOS = YES_AGGRESSIVE;
				GCC_WARN_UNUSED_FUNCTION = YES;
				GCC_WARN_UNUSED_VARIABLE = YES;
				IPHONEOS_DEPLOYMENT_TARGET = 11.4;
				MTL_ENABLE_DEBUG_INFO = NO;
				SDKROOT = iphoneos;
				SWIFT_COMPILATION_MODE = wholemodule;
				SWIFT_OPTIMIZATION_LEVEL = "-O";
				VALIDATE_PRODUCT = YES;
			};
			name = Release;
		};
		D09CEE2C21046208005C9672 /* Debug */ = {
			isa = XCBuildConfiguration;
			buildSettings = {
				ASSETCATALOG_COMPILER_APPICON_NAME = AppIcon;
				CODE_SIGN_STYLE = Automatic;
				DEVELOPMENT_TEAM = 8BCFWV7SVD;
				INFOPLIST_FILE = ARDemo/Info.plist;
				LD_RUNPATH_SEARCH_PATHS = (
					"$(inherited)",
					"@executable_path/Frameworks",
				);
				PRODUCT_BUNDLE_IDENTIFIER = DinDin.Project.Demo.ARDemo;
				PRODUCT_NAME = "$(TARGET_NAME)";
				SWIFT_VERSION = 4.0;
				TARGETED_DEVICE_FAMILY = "1,2";
			};
			name = Debug;
		};
		D09CEE2D21046208005C9672 /* Release */ = {
			isa = XCBuildConfiguration;
			buildSettings = {
				ASSETCATALOG_COMPILER_APPICON_NAME = AppIcon;
				CODE_SIGN_STYLE = Automatic;
				DEVELOPMENT_TEAM = 8BCFWV7SVD;
				INFOPLIST_FILE = ARDemo/Info.plist;
				LD_RUNPATH_SEARCH_PATHS = (
					"$(inherited)",
					"@executable_path/Frameworks",
				);
				PRODUCT_BUNDLE_IDENTIFIER = DinDin.Project.Demo.ARDemo;
				PRODUCT_NAME = "$(TARGET_NAME)";
				SWIFT_VERSION = 4.0;
				TARGETED_DEVICE_FAMILY = "1,2";
			};
			name = Release;
		};
		D09CEE2F21046208005C9672 /* Debug */ = {
			isa = XCBuildConfiguration;
			buildSettings = {
				ALWAYS_EMBED_SWIFT_STANDARD_LIBRARIES = YES;
				BUNDLE_LOADER = "$(TEST_HOST)";
				CODE_SIGN_STYLE = Automatic;
				DEVELOPMENT_TEAM = 8BCFWV7SVD;
				INFOPLIST_FILE = ARDemoTests/Info.plist;
				LD_RUNPATH_SEARCH_PATHS = (
					"$(inherited)",
					"@executable_path/Frameworks",
					"@loader_path/Frameworks",
				);
				PRODUCT_BUNDLE_IDENTIFIER = DinDin.Project.Demo.ARDemoTests;
				PRODUCT_NAME = "$(TARGET_NAME)";
				SWIFT_VERSION = 4.0;
				TARGETED_DEVICE_FAMILY = "1,2";
				TEST_HOST = "$(BUILT_PRODUCTS_DIR)/ARDemo.app/ARDemo";
			};
			name = Debug;
		};
		D09CEE3021046208005C9672 /* Release */ = {
			isa = XCBuildConfiguration;
			buildSettings = {
				ALWAYS_EMBED_SWIFT_STANDARD_LIBRARIES = YES;
				BUNDLE_LOADER = "$(TEST_HOST)";
				CODE_SIGN_STYLE = Automatic;
				DEVELOPMENT_TEAM = 8BCFWV7SVD;
				INFOPLIST_FILE = ARDemoTests/Info.plist;
				LD_RUNPATH_SEARCH_PATHS = (
					"$(inherited)",
					"@executable_path/Frameworks",
					"@loader_path/Frameworks",
				);
				PRODUCT_BUNDLE_IDENTIFIER = DinDin.Project.Demo.ARDemoTests;
				PRODUCT_NAME = "$(TARGET_NAME)";
				SWIFT_VERSION = 4.0;
				TARGETED_DEVICE_FAMILY = "1,2";
				TEST_HOST = "$(BUILT_PRODUCTS_DIR)/ARDemo.app/ARDemo";
			};
			name = Release;
		};
		D09CEE3221046208005C9672 /* Debug */ = {
			isa = XCBuildConfiguration;
			buildSettings = {
				ALWAYS_EMBED_SWIFT_STANDARD_LIBRARIES = YES;
				CODE_SIGN_STYLE = Automatic;
				DEVELOPMENT_TEAM = 8BCFWV7SVD;
				INFOPLIST_FILE = ARDemoUITests/Info.plist;
				LD_RUNPATH_SEARCH_PATHS = (
					"$(inherited)",
					"@executable_path/Frameworks",
					"@loader_path/Frameworks",
				);
				PRODUCT_BUNDLE_IDENTIFIER = DinDin.Project.Demo.ARDemoUITests;
				PRODUCT_NAME = "$(TARGET_NAME)";
				SWIFT_VERSION = 4.0;
				TARGETED_DEVICE_FAMILY = "1,2";
				TEST_TARGET_NAME = ARDemo;
			};
			name = Debug;
		};
		D09CEE3321046208005C9672 /* Release */ = {
			isa = XCBuildConfiguration;
			buildSettings = {
				ALWAYS_EMBED_SWIFT_STANDARD_LIBRARIES = YES;
				CODE_SIGN_STYLE = Automatic;
				DEVELOPMENT_TEAM = 8BCFWV7SVD;
				INFOPLIST_FILE = ARDemoUITests/Info.plist;
				LD_RUNPATH_SEARCH_PATHS = (
					"$(inherited)",
					"@executable_path/Frameworks",
					"@loader_path/Frameworks",
				);
				PRODUCT_BUNDLE_IDENTIFIER = DinDin.Project.Demo.ARDemoUITests;
				PRODUCT_NAME = "$(TARGET_NAME)";
				SWIFT_VERSION = 4.0;
				TARGETED_DEVICE_FAMILY = "1,2";
				TEST_TARGET_NAME = ARDemo;
			};
			name = Release;
		};
/* End XCBuildConfiguration section */

/* Begin XCConfigurationList section */
		D09CEDFE21046204005C9672 /* Build configuration list for PBXProject "ARDemo" */ = {
			isa = XCConfigurationList;
			buildConfigurations = (
				D09CEE2921046208005C9672 /* Debug */,
				D09CEE2A21046208005C9672 /* Release */,
			);
			defaultConfigurationIsVisible = 0;
			defaultConfigurationName = Release;
		};
		D09CEE2B21046208005C9672 /* Build configuration list for PBXNativeTarget "ARDemo" */ = {
			isa = XCConfigurationList;
			buildConfigurations = (
				D09CEE2C21046208005C9672 /* Debug */,
				D09CEE2D21046208005C9672 /* Release */,
			);
			defaultConfigurationIsVisible = 0;
			defaultConfigurationName = Release;
		};
		D09CEE2E21046208005C9672 /* Build configuration list for PBXNativeTarget "ARDemoTests" */ = {
			isa = XCConfigurationList;
			buildConfigurations = (
				D09CEE2F21046208005C9672 /* Debug */,
				D09CEE3021046208005C9672 /* Release */,
			);
			defaultConfigurationIsVisible = 0;
			defaultConfigurationName = Release;
		};
		D09CEE3121046208005C9672 /* Build configuration list for PBXNativeTarget "ARDemoUITests" */ = {
			isa = XCConfigurationList;
			buildConfigurations = (
				D09CEE3221046208005C9672 /* Debug */,
				D09CEE3321046208005C9672 /* Release */,
			);
			defaultConfigurationIsVisible = 0;
			defaultConfigurationName = Release;
		};
/* End XCConfigurationList section */
	};
	rootObject = D09CEDFB21046204005C9672 /* Project object */;
}
